
Microsoft Visual Studio Solution File, Format Version 12.00
# Visual Studio Version 17
VisualStudioVersion = 17.3.32819.101
MinimumVisualStudioVersion = 10.0.40219.1
Project("{9A19103F-16F7-4668-BE54-9A1E7A4F7556}") = "Integraboard", "WpfApp1\Integraboard.csproj", "{DC4D931B-61DF-4B15-B1C0-6595FF9DCB99}"
	ProjectSection(ProjectDependencies) = postProject
		{3D0163C0-97AF-48F1-AF29-11DA75EC8913} = {3D0163C0-97AF-48F1-AF29-11DA75EC8913}
		{D7280C8C-6320-4965-927C-5F089A08A723} = {D7280C8C-6320-4965-927C-5F089A08A723}
	EndProjectSection
EndProject
Project("{FAE04EC0-301F-11D3-BF4B-00C04F79EFBC}") = "LifewareSoftwareCommon", "LifewareSoftwareCommon\LifewareSoftwareCommon.csproj", "{3D0163C0-97AF-48F1-AF29-11DA75EC8913}"
EndProject
Project("{FAE04EC0-301F-11D3-BF4B-00C04F79EFBC}") = "LifewareSoftwareLauncher", "LifewareSoftwareLauncher\LifewareSoftwareLauncher.csproj", "{D7280C8C-6320-4965-927C-5F089A08A723}"
EndProject
Global
	GlobalSection(SolutionConfigurationPlatforms) = preSolution
		Debug|Any CPU = Debug|Any CPU
		Release|Any CPU = Release|Any CPU
	EndGlobalSection
	GlobalSection(ProjectConfigurationPlatforms) = postSolution
		{DC4D931B-61DF-4B15-B1C0-6595FF9DCB99}.Debug|Any CPU.ActiveCfg = Debug|Any CPU
		{DC4D931B-61DF-4B15-B1C0-6595FF9DCB99}.Debug|Any CPU.Build.0 = Debug|Any CPU
		{DC4D931B-61DF-4B15-B1C0-6595FF9DCB99}.Release|Any CPU.ActiveCfg = Release|Any CPU
		{DC4D931B-61DF-4B15-B1C0-6595FF9DCB99}.Release|Any CPU.Build.0 = Release|Any CPU
		{3D0163C0-97AF-48F1-AF29-11DA75EC8913}.Debug|Any CPU.ActiveCfg = Debug|Any CPU
		{3D0163C0-97AF-48F1-AF29-11DA75EC8913}.Debug|Any CPU.Build.0 = Debug|Any CPU
		{3D0163C0-97AF-48F1-AF29-11DA75EC8913}.Release|Any CPU.ActiveCfg = Release|Any CPU
		{3D0163C0-97AF-48F1-AF29-11DA75EC8913}.Release|Any CPU.Build.0 = Release|Any CPU
		{D7280C8C-6320-4965-927C-5F089A08A723}.Debug|Any CPU.ActiveCfg = Debug|Any CPU
		{D7280C8C-6320-4965-927C-5F089A08A723}.Debug|Any CPU.Build.0 = Debug|Any CPU
		{D7280C8C-6320-4965-927C-5F089A08A723}.Release|Any CPU.ActiveCfg = Release|Any CPU
		{D7280C8C-6320-4965-927C-5F089A08A723}.Release|Any CPU.Build.0 = Release|Any CPU
	EndGlobalSection
	GlobalSection(SolutionProperties) = preSolution
		HideSolutionNode = FALSE
	EndGlobalSection
	GlobalSection(ExtensibilityGlobals) = postSolution
		SolutionGuid = {0052BCEE-7A5B-490B-B811-A109B3921E40}
	EndGlobalSection
EndGlobal
